dependencies:
  78/esp-opus:
    component_hash: 8182b733f071d7bfe1e837f4c9f8649a63e4c937177f089e65772880c02f2e17
    dependencies:
    - name: idf
      require: private
      version: '>=5.0'
    source:
      registry_url: https://components.espressif.com/
      type: service
    version: 1.0.5
  esp_io_expander_pca95xx_16bit:
    dependencies: []
    source:
      path: /Users/kufy/product-ideas/sensecap-smartbin/components/sensecap_sdk/components/esp_io_expander_pca95xx_16bit
      type: local
    version: 1.0.0
  espressif/button:
    component_hash: b115c8797f89b883265441aeedf4973a6d49c53bec55159767cdd9cbcd27f328
    dependencies:
    - name: espressif/cmake_utilities
      registry_url: https://components.espressif.com
      require: private
      version: 0.*
    - name: idf
      require: private
      version: '>=4.0'
    source:
      registry_url: https://components.espressif.com/
      type: service
    version: 3.2.3
  espressif/cmake_utilities:
    component_hash: 351350613ceafba240b761b4ea991e0f231ac7a9f59a9ee901f751bddc0bb18f
    dependencies:
    - name: idf
      require: private
      version: '>=4.1'
    source:
      registry_url: https://components.espressif.com
      type: service
    version: 0.5.3
  espressif/console_cmd_wifi:
    component_hash: 1d9f355552d97f40f3d88f86fda516295c676397308bf00a225f4c298027941a
    dependencies:
    - name: idf
      require: private
      version: '>=5.0'
    - name: espressif/console_simple_init
      registry_url: https://components.espressif.com
      require: public
      version: '>=1.1.0'
    source:
      registry_url: https://components.espressif.com/
      type: service
    version: 1.1.0
  espressif/console_simple_init:
    component_hash: b488b12318f3cb6e0b55b034bd12956926d45f0e1396442e820f8ece4776c306
    dependencies:
    - name: idf
      require: private
      version: '>=5.0'
    source:
      registry_url: https://components.espressif.com
      type: service
    version: 1.1.0
  espressif/esp_codec_dev:
    component_hash: 014948481bda426cd46714f297fe1891711246c62bea288863a8cc8cf13ef1f0
    dependencies:
    - name: idf
      require: private
      version: '>=4.0'
    source:
      registry_url: https://components.espressif.com/
      type: service
    version: 1.2.0
  espressif/esp_io_expander:
    component_hash: fbc0de4082fc7c207dc98a93a0ed83d1a929a4ecee83cc567afb406f3ee6d4a6
    dependencies:
    - name: idf
      require: private
      version: '>=4.4.2'
    source:
      registry_url: https://components.espressif.com/
      type: service
    version: 1.0.1
  espressif/esp_lcd_spd2010:
    component_hash: 379ef3244d182f659d26f3375271508979c3aac08cc7f56e390ef722aa9348a7
    dependencies:
    - name: idf
      require: private
      version: '>5.0.4,!=5.1.1'
    - name: espressif/cmake_utilities
      registry_url: https://components.espressif.com
      require: private
      version: 0.*
    source:
      registry_url: https://components.espressif.com/
      type: service
    version: 1.0.1
  espressif/esp_lcd_touch:
    component_hash: 779b4ba2464a3ae85681e4b860caa5fdc35801458c23f3039ee761bae7f442a4
    dependencies:
    - name: idf
      require: private
      version: '>=4.4.2'
    source:
      registry_url: https://components.espressif.com
      type: service
    version: 1.1.2
  espressif/esp_lcd_touch_spd2010:
    component_hash: 62f76d1f2c7ba4f11ff51746b8e62269ea4a3d2a774070f9ad606105a560f72f
    dependencies:
    - name: idf
      require: private
      version: '>=4.4.2'
    - name: espressif/cmake_utilities
      registry_url: https://components.espressif.com
      require: private
      version: 0.*
    - name: espressif/esp_lcd_touch
      registry_url: https://components.espressif.com
      require: public
      version: ^1
    source:
      registry_url: https://components.espressif.com/
      type: service
    version: 0.0.1
  espressif/esp_lvgl_port:
    dependencies:
    - name: idf
      version: '>=4.4'
    - name: lvgl/lvgl
      override_path: ../lvgl
    source:
      path: /Users/kufy/product-ideas/sensecap-smartbin/components/sensecap_sdk/components/esp_lvgl_port
      type: local
    version: 1.4.0
  espressif/knob:
    component_hash: 82be300874487955cfe47254eebbc1100f6d7d66b647df4bd71e0c0af836d73b
    dependencies:
    - name: idf
      require: private
      version: '>=4.4.1'
    - name: espressif/cmake_utilities
      registry_url: https://components.espressif.com
      require: private
      version: 0.*
    source:
      registry_url: https://components.espressif.com/
      type: service
    version: 0.1.4
  espressif/led_strip:
    component_hash: fc66f8544851132555bc668475f7b68acd6a211c8075db5ce1951cbfa27dfb88
    dependencies:
    - name: idf
      require: private
      version: '>=4.4'
    source:
      registry_url: https://components.espressif.com/
      type: service
    version: 2.5.4
  idf:
    source:
      type: idf
    version: 5.2.1
  lvgl/lvgl:
    dependencies:
    - name: rlottie
      override_path: ../rlottie
    source:
      path: /Users/kufy/product-ideas/sensecap-smartbin/components/sensecap_sdk/components/lvgl
      type: local
    version: 8.4.0
  rlottie:
    dependencies: []
    source:
      path: /Users/kufy/product-ideas/sensecap-smartbin/components/sensecap_sdk/components/rlottie
      type: local
    targets:
    - esp32s3
    version: 1.0.0
  sepfy/srtp:
    component_hash: 5a75f043e29104975e3a0191e404a957a4d9088551842e16426a5b72e14610ae
    dependencies: []
    source:
      registry_url: https://components.espressif.com/
      type: service
    version: 2.3.0
  sepfy/usrsctp:
    component_hash: e96106dd3dbb4c1da7340a7cf044a2191bb28e706586fc20d25c08d75700583b
    dependencies: []
    source:
      registry_url: https://components.espressif.com/
      type: service
    version: 0.9.5
  sscma_client:
    dependencies: []
    source:
      path: /Users/kufy/product-ideas/sensecap-smartbin/components/sensecap_sdk/components/sscma_client
      type: local
    version: 1.0.1
direct_dependencies:
- 78/esp-opus
- esp_io_expander_pca95xx_16bit
- espressif/button
- espressif/console_cmd_wifi
- espressif/esp_codec_dev
- espressif/esp_io_expander
- espressif/esp_lcd_spd2010
- espressif/esp_lcd_touch_spd2010
- espressif/esp_lvgl_port
- espressif/knob
- espressif/led_strip
- idf
- lvgl/lvgl
- sepfy/srtp
- sepfy/usrsctp
- sscma_client
manifest_hash: ce80e1b339dbb1b68dd20859633b49fea2c07c0c8436bc8dbd37ac9fb3150445
target: esp32s3
version: 2.0.0
